
Microsoft Visual Studio Solution File, Format Version 12.00
# Visual Studio Version 17
VisualStudioVersion = 17.0.31919.166
MinimumVisualStudioVersion = 10.0.40219.1
Project("{FAE04EC0-301F-11D3-BF4B-00C04F79EFBC}") = "TestLinqEFCore3.1", "TestLinqEFCore3.1\TestLinqEFCore3.1.csproj", "{70F5314D-362E-4EC1-9949-12D86090828D}"
EndProject
Global
	GlobalSection(SolutionConfigurationPlatforms) = preSolution
		Debug|Any CPU = Debug|Any CPU
		Release|Any CPU = Release|Any CPU
	EndGlobalSection
	GlobalSection(ProjectConfigurationPlatforms) = postSolution
		{70F5314D-362E-4EC1-9949-12D86090828D}.Debug|Any CPU.ActiveCfg = Debug|Any CPU
		{70F5314D-362E-4EC1-9949-12D86090828D}.Debug|Any CPU.Build.0 = Debug|Any CPU
		{70F5314D-362E-4EC1-9949-12D86090828D}.Release|Any CPU.ActiveCfg = Release|Any CPU
		{70F5314D-362E-4EC1-9949-12D86090828D}.Release|Any CPU.Build.0 = Release|Any CPU
	EndGlobalSection
	GlobalSection(SolutionProperties) = preSolution
		HideSolutionNode = FALSE
	EndGlobalSection
	GlobalSection(ExtensibilityGlobals) = postSolution
		SolutionGuid = {3FD801B1-4ADC-4562-B592-87756960E601}
	EndGlobalSection
EndGlobal
